{
  "name": "growth-valley-dashboard",
  "version": "1.0.0",
  "lockfileVersion": 3,
  "requires": true,
  "packages": {
    "": {
      "name": "growth-valley-dashboard",
      "version": "1.0.0",
      "hasInstallScript": true,
      "dependencies": {
        "openai": "^6.33.0"
      },
      "engines": {
        "node": "20"
      }
    },
    "client": {
      "name": "performance-marketer-dashboard",
      "version": "1.0.0",
      "extraneous": true,
      "dependencies": {
        "@hookform/resolvers": "^3.3.2",
        "axios": "^1.6.5",
        "clsx": "^2.1.0",
        "date-fns": "^3.0.6",
        "framer-motion": "^12.38.0",
        "lucide-react": "^0.303.0",
        "react": "^18.2.0",
        "react-dom": "^18.2.0",
        "react-hook-form": "^7.49.2",
        "react-router-dom": "^6.21.1",
        "recharts": "^3.8.0",
        "socket.io-client": "^4.7.0",
        "sonner": "^1.3.1",
        "tailwind-merge": "^2.2.0",
        "zod": "^3.22.4"
      },
      "devDependencies": {
        "@types/react": "^18.2.43",
        "@types/react-dom": "^18.2.17",
        "@vitejs/plugin-react": "^4.2.1",
        "autoprefixer": "^10.4.16",
        "eslint": "^8.55.0",
        "eslint-plugin-react": "^7.33.2",
        "eslint-plugin-react-hooks": "^4.6.0",
        "eslint-plugin-react-refresh": "^0.4.5",
        "postcss": "^8.4.32",
        "tailwindcss": "^3.4.0",
        "vite": "^5.0.8"
      },
      "engines": {
        "node": "20"
      }
    },
    "node_modules/openai": {
      "version": "6.33.0",
      "resolved": "https://registry.npmjs.org/openai/-/openai-6.33.0.tgz",
      "integrity": "sha512-xAYN1W3YsDXJWA5F277135YfkEk6H7D3D6vWwRhJ3OEkzRgcyK8z/P5P9Gyi/wB4N8kK9kM5ZjprfvyHagKmpw==",
      "license": "Apache-2.0",
      "bin": {
        "openai": "bin/cli"
      },
      "peerDependencies": {
        "ws": "^8.18.0",
        "zod": "^3.25 || ^4.0"
      },
      "peerDependenciesMeta": {
        "ws": {
          "optional": true
        },
        "zod": {
          "optional": true
        }
      }
    },
    "server": {
      "name": "performance-marketer-api",
      "version": "1.0.0",
      "extraneous": true,
      "license": "MIT",
      "dependencies": {
        "bcryptjs": "^2.4.3",
        "cloudinary": "^1.41.3",
        "cors": "^2.8.5",
        "dotenv": "^16.3.1",
        "express": "^4.18.2",
        "express-mongo-sanitize": "^2.2.0",
        "express-rate-limit": "^8.3.2",
        "express-validator": "^7.0.1",
        "helmet": "^8.1.0",
        "hpp": "^0.2.3",
        "jsonwebtoken": "^9.0.2",
        "mongoose": "^8.0.3",
        "morgan": "^1.10.0",
        "multer": "^1.4.5-lts.1",
        "multer-storage-cloudinary": "^4.0.0",
        "nodemailer": "^8.0.3",
        "socket.io": "^4.8.3",
        "stripe": "^22.0.0"
      },
      "devDependencies": {
        "nodemon": "^3.0.2"
      },
      "engines": {
        "node": "20"
      }
    }
  }
}
